// !$*UTF8*$!
{
	archiveVersion = 1;
	classes = {
	};
	objectVersion = 56;
	objects = {

/* Begin PBXBuildFile section */
		58D578FF2CD30EF60053BE6E /* Genre.swift in Sources */ = {isa = PBXBuildFile; fileRef = 58D578FE2CD30EF60053BE6E /* Genre.swift */; };
		58F088F32CD2105900FA83EC /* AppDelegate.swift in Sources */ = {isa = PBXBuildFile; fileRef = 58F088F22CD2105900FA83EC /* AppDelegate.swift */; };
		58F088F52CD2105900FA83EC /* SceneDelegate.swift in Sources */ = {isa = PBXBuildFile; fileRef = 58F088F42CD2105900FA83EC /* SceneDelegate.swift */; };
		58F088FA2CD2105900FA83EC /* Base in Resources */ = {isa = PBXBuildFile; fileRef = 58F088F92CD2105900FA83EC /* Base */; };
		58F088FC2CD2105A00FA83EC /* Assets.xcassets in Resources */ = {isa = PBXBuildFile; fileRef = 58F088FB2CD2105A00FA83EC /* Assets.xcassets */; };
		58F088FF2CD2105A00FA83EC /* Base in Resources */ = {isa = PBXBuildFile; fileRef = 58F088FE2CD2105A00FA83EC /* Base */; };
		58F089072CD226F400FA83EC /* MoviesViewController.swift in Sources */ = {isa = PBXBuildFile; fileRef = 58F089062CD226F400FA83EC /* MoviesViewController.swift */; };
		58F0890B2CD2279500FA83EC /* Movie.swift in Sources */ = {isa = PBXBuildFile; fileRef = 58F0890A2CD2279500FA83EC /* Movie.swift */; };
		58F0890D2CD227B300FA83EC /* Favorites.swift in Sources */ = {isa = PBXBuildFile; fileRef = 58F0890C2CD227B300FA83EC /* Favorites.swift */; };
		58F0890F2CD227D600FA83EC /* MovieCollectionCellView.swift in Sources */ = {isa = PBXBuildFile; fileRef = 58F0890E2CD227D600FA83EC /* MovieCollectionCellView.swift */; };
		58F089112CD2310A00FA83EC /* MovieViewController.swift in Sources */ = {isa = PBXBuildFile; fileRef = 58F089102CD2310A00FA83EC /* MovieViewController.swift */; };
		58F089132CD2AAB100FA83EC /* ReviewViewController.swift in Sources */ = {isa = PBXBuildFile; fileRef = 58F089122CD2AAB100FA83EC /* ReviewViewController.swift */; };
		58F089152CD2D7BE00FA83EC /* GenreViewController.swift in Sources */ = {isa = PBXBuildFile; fileRef = 58F089142CD2D7BE00FA83EC /* GenreViewController.swift */; };
/* End PBXBuildFile section */

/* Begin PBXFileReference section */
		58D578FE2CD30EF60053BE6E /* Genre.swift */ = {isa = PBXFileReference; lastKnownFileType = sourcecode.swift; path = Genre.swift; sourceTree = "<group>"; };
		58F088EF2CD2105900FA83EC /* KananAhmadov-Lab-4.app */ = {isa = PBXFileReference; explicitFileType = wrapper.application; includeInIndex = 0; path = "KananAhmadov-Lab-4.app"; sourceTree = BUILT_PRODUCTS_DIR; };
		58F088F22CD2105900FA83EC /* AppDelegate.swift */ = {isa = PBXFileReference; lastKnownFileType = sourcecode.swift; path = AppDelegate.swift; sourceTree = "<group>"; };
		58F088F42CD2105900FA83EC /* SceneDelegate.swift */ = {isa = PBXFileReference; lastKnownFileType = sourcecode.swift; path = SceneDelegate.swift; sourceTree = "<group>"; };
		58F088F92CD2105900FA83EC /* Base */ = {isa = PBXFileReference; lastKnownFileType = file.storyboard; name = Base; path = Base.lproj/Main.storyboard; sourceTree = "<group>"; };
		58F088FB2CD2105A00FA83EC /* Assets.xcassets */ = {isa = PBXFileReference; lastKnownFileType = folder.assetcatalog; path = Assets.xcassets; sourceTree = "<group>"; };
		58F088FE2CD2105A00FA83EC /* Base */ = {isa = PBXFileReference; lastKnownFileType = file.storyboard; name = Base; path = Base.lproj/LaunchScreen.storyboard; sourceTree = "<group>"; };
		58F089002CD2105A00FA83EC /* Info.plist */ = {isa = PBXFileReference; lastKnownFileType = text.plist.xml; path = Info.plist; sourceTree = "<group>"; };
		58F089062CD226F400FA83EC /* MoviesViewController.swift */ = {isa = PBXFileReference; lastKnownFileType = sourcecode.swift; path = MoviesViewController.swift; sourceTree = "<group>"; };
		58F0890A2CD2279500FA83EC /* Movie.swift */ = {isa = PBXFileReference; lastKnownFileType = sourcecode.swift; path = Movie.swift; sourceTree = "<group>"; };
		58F0890C2CD227B300FA83EC /* Favorites.swift */ = {isa = PBXFileReference; lastKnownFileType = sourcecode.swift; path = Favorites.swift; sourceTree = "<group>"; };
		58F0890E2CD227D600FA83EC /* MovieCollectionCellView.swift */ = {isa = PBXFileReference; lastKnownFileType = sourcecode.swift; path = MovieCollectionCellView.swift; sourceTree = "<group>"; };
		58F089102CD2310A00FA83EC /* MovieViewController.swift */ = {isa = PBXFileReference; lastKnownFileType = sourcecode.swift; path = MovieViewController.swift; sourceTree = "<group>"; };
		58F089122CD2AAB100FA83EC /* ReviewViewController.swift */ = {isa = PBXFileReference; lastKnownFileType = sourcecode.swift; path = ReviewViewController.swift; sourceTree = "<group>"; };
		58F089142CD2D7BE00FA83EC /* GenreViewController.swift */ = {isa = PBXFileReference; lastKnownFileType = sourcecode.swift; path = GenreViewController.swift; sourceTree = "<group>"; };
/* End PBXFileReference section */

/* Begin PBXFrameworksBuildPhase section */
		58F088EC2CD2105900FA83EC /* Frameworks */ = {
			isa = PBXFrameworksBuildPhase;
			buildActionMask = 2147483647;
			files = (
			);
			runOnlyForDeploymentPostprocessing = 0;
		};
/* End PBXFrameworksBuildPhase section */

/* Begin PBXGroup section */
		58F088E62CD2105900FA83EC = {
			isa = PBXGroup;
			children = (
				58F088F12CD2105900FA83EC /* KananAhmadov-Lab-4 */,
				58F088F02CD2105900FA83EC /* Products */,
			);
			sourceTree = "<group>";
		};
		58F088F02CD2105900FA83EC /* Products */ = {
			isa = PBXGroup;
			children = (
				58F088EF2CD2105900FA83EC /* KananAhmadov-Lab-4.app */,
			);
			name = Products;
			sourceTree = "<group>";
		};
		58F088F12CD2105900FA83EC /* KananAhmadov-Lab-4 */ = {
			isa = PBXGroup;
			children = (
				58F088F22CD2105900FA83EC /* AppDelegate.swift */,
				58F088F42CD2105900FA83EC /* SceneDelegate.swift */,
				58F0890A2CD2279500FA83EC /* Movie.swift */,
				58F089062CD226F400FA83EC /* MoviesViewController.swift */,
				58F089102CD2310A00FA83EC /* MovieViewController.swift */,
				58F0890E2CD227D600FA83EC /* MovieCollectionCellView.swift */,
				58F0890C2CD227B300FA83EC /* Favorites.swift */,
				58F089122CD2AAB100FA83EC /* ReviewViewController.swift */,
				58F089142CD2D7BE00FA83EC /* GenreViewController.swift */,
				58D578FE2CD30EF60053BE6E /* Genre.swift */,
				58F088F82CD2105900FA83EC /* Main.storyboard */,
				58F088FB2CD2105A00FA83EC /* Assets.xcassets */,
				58F088FD2CD2105A00FA83EC /* LaunchScreen.storyboard */,
				58F089002CD2105A00FA83EC /* Info.plist */,
			);
			path = "KananAhmadov-Lab-4";
			sourceTree = "<group>";
		};
/* End PBXGroup section */

/* Begin PBXNativeTarget section */
		58F088EE2CD2105900FA83EC /* KananAhmadov-Lab-4 */ = {
			isa = PBXNativeTarget;
			buildConfigurationList = 58F089032CD2105A00FA83EC /* Build configuration list for PBXNativeTarget "KananAhmadov-Lab-4" */;
			buildPhases = (
				58F088EB2CD2105900FA83EC /* Sources */,
				58F088EC2CD2105900FA83EC /* Frameworks */,
				58F088ED2CD2105900FA83EC /* Resources */,
			);
			buildRules = (
			);
			dependencies = (
			);
			name = "KananAhmadov-Lab-4";
			productName = "KananAhmadov-Lab-4";
			productReference = 58F088EF2CD2105900FA83EC /* KananAhmadov-Lab-4.app */;
			productType = "com.apple.product-type.application";
		};
/* End PBXNativeTarget section */

/* Begin PBXProject section */
		58F088E72CD2105900FA83EC /* Project object */ = {
			isa = PBXProject;
			attributes = {
				BuildIndependentTargetsInParallel = 1;
				LastSwiftUpdateCheck = 1540;
				LastUpgradeCheck = 1540;
				TargetAttributes = {
					58F088EE2CD2105900FA83EC = {
						CreatedOnToolsVersion = 15.4;
					};
				};
			};
			buildConfigurationList = 58F088EA2CD2105900FA83EC /* Build configuration list for PBXProject "KananAhmadov-Lab-4" */;
			compatibilityVersion = "Xcode 14.0";
			developmentRegion = en;
			hasScannedForEncodings = 0;
			knownRegions = (
				en,
				Base,
			);
			mainGroup = 58F088E62CD2105900FA83EC;
			productRefGroup = 58F088F02CD2105900FA83EC /* Products */;
			projectDirPath = "";
			projectRoot = "";
			targets = (
				58F088EE2CD2105900FA83EC /* KananAhmadov-Lab-4 */,
			);
		};
/* End PBXProject section */

/* Begin PBXResourcesBuildPhase section */
		58F088ED2CD2105900FA83EC /* Resources */ = {
			isa = PBXResourcesBuildPhase;
			buildActionMask = 2147483647;
			files = (
				58F088FC2CD2105A00FA83EC /* Assets.xcassets in Resources */,
				58F088FF2CD2105A00FA83EC /* Base in Resources */,
				58F088FA2CD2105900FA83EC /* Base in Resources */,
			);
			runOnlyForDeploymentPostprocessing = 0;
		};
/* End PBXResourcesBuildPhase section */

/* Begin PBXSourcesBuildPhase section */
		58F088EB2CD2105900FA83EC /* Sources */ = {
			isa = PBXSourcesBuildPhase;
			buildActionMask = 2147483647;
			files = (
				58F088F32CD2105900FA83EC /* AppDelegate.swift in Sources */,
				58F089112CD2310A00FA83EC /* MovieViewController.swift in Sources */,
				58F088F52CD2105900FA83EC /* SceneDelegate.swift in Sources */,
				58F089072CD226F400FA83EC /* MoviesViewController.swift in Sources */,
				58F0890D2CD227B300FA83EC /* Favorites.swift in Sources */,
				58F0890B2CD2279500FA83EC /* Movie.swift in Sources */,
				58F089132CD2AAB100FA83EC /* ReviewViewController.swift in Sources */,
				58F089152CD2D7BE00FA83EC /* GenreViewController.swift in Sources */,
				58F0890F2CD227D600FA83EC /* MovieCollectionCellView.swift in Sources */,
				58D578FF2CD30EF60053BE6E /* Genre.swift in Sources */,
			);
			runOnlyForDeploymentPostprocessing = 0;
		};
/* End PBXSourcesBuildPhase section */

/* Begin PBXVariantGroup section */
		58F088F82CD2105900FA83EC /* Main.storyboard */ = {
			isa = PBXVariantGroup;
			children = (
				58F088F92CD2105900FA83EC /* Base */,
			);
			name = Main.storyboard;
			sourceTree = "<group>";
		};
		58F088FD2CD2105A00FA83EC /* LaunchScreen.storyboard */ = {
			isa = PBXVariantGroup;
			children = (
				58F088FE2CD2105A00FA83EC /* Base */,
			);
			name = LaunchScreen.storyboard;
			sourceTree = "<group>";
		};
/* End PBXVariantGroup section */

/* Begin XCBuildConfiguration section */
		58F089012CD2105A00FA83EC /* Debug */ = {
			isa = XCBuildConfiguration;
			buildSettings = {
				ALWAYS_SEARCH_USER_PATHS = NO;
				ASSETCATALOG_COMPILER_GENERATE_SWIFT_ASSET_SYMBOL_EXTENSIONS = YES;
				CLANG_ANALYZER_NONNULL = YES;
				CLANG_ANALYZER_NUMBER_OBJECT_CONVERSION = YES_AGGRESSIVE;
				CLANG_CXX_LANGUAGE_STANDARD = "gnu++20";
				CLANG_ENABLE_MODULES = YES;
				CLANG_ENABLE_OBJC_ARC = YES;
				CLANG_ENABLE_OBJC_WEAK = YES;
				CLANG_WARN_BLOCK_CAPTURE_AUTORELEASING = YES;
				CLANG_WARN_BOOL_CONVERSION = YES;
				CLANG_WARN_COMMA = YES;
				CLANG_WARN_CONSTANT_CONVERSION = YES;
				CLANG_WARN_DEPRECATED_OBJC_IMPLEMENTATIONS = YES;
				CLANG_WARN_DIRECT_OBJC_ISA_USAGE = YES_ERROR;
				CLANG_WARN_DOCUMENTATION_COMMENTS = YES;
				CLANG_WARN_EMPTY_BODY = YES;
				CLANG_WARN_ENUM_CONVERSION = YES;
				CLANG_WARN_INFINITE_RECURSION = YES;
				CLANG_WARN_INT_CONVERSION = YES;
				CLANG_WARN_NON_LITERAL_NULL_CONVERSION = YES;
				CLANG_WARN_OBJC_IMPLICIT_RETAIN_SELF = YES;
				CLANG_WARN_OBJC_LITERAL_CONVERSION = YES;
				CLANG_WARN_OBJC_ROOT_CLASS = YES_ERROR;
				CLANG_WARN_QUOTED_INCLUDE_IN_FRAMEWORK_HEADER = YES;
				CLANG_WARN_RANGE_LOOP_ANALYSIS = YES;
				CLANG_WARN_STRICT_PROTOTYPES = YES;
				CLANG_WARN_SUSPICIOUS_MOVE = YES;
				CLANG_WARN_UNGUARDED_AVAILABILITY = YES_AGGRESSIVE;
				CLANG_WARN_UNREACHABLE_CODE = YES;
				CLANG_WARN__DUPLICATE_METHOD_MATCH = YES;
				COPY_PHASE_STRIP = NO;
				DEBUG_INFORMATION_FORMAT = dwarf;
				ENABLE_STRICT_OBJC_MSGSEND = YES;
				ENABLE_TESTABILITY = YES;
				ENABLE_USER_SCRIPT_SANDBOXING = YES;
				GCC_C_LANGUAGE_STANDARD = gnu17;
				GCC_DYNAMIC_NO_PIC = NO;
				GCC_NO_COMMON_BLOCKS = YES;
				GCC_OPTIMIZATION_LEVEL = 0;
				GCC_PREPROCESSOR_DEFINITIONS = (
					"DEBUG=1",
					"$(inherited)",
				);
				GCC_WARN_64_TO_32_BIT_CONVERSION = YES;
				GCC_WARN_ABOUT_RETURN_TYPE = YES_ERROR;
				GCC_WARN_UNDECLARED_SELECTOR = YES;
				GCC_WARN_UNINITIALIZED_AUTOS = YES_AGGRESSIVE;
				GCC_WARN_UNUSED_FUNCTION = YES;
				GCC_WARN_UNUSED_VARIABLE = YES;
				IPHONEOS_DEPLOYMENT_TARGET = 17.5;
				LOCALIZATION_PREFERS_STRING_CATALOGS = YES;
				MTL_ENABLE_DEBUG_INFO = INCLUDE_SOURCE;
				MTL_FAST_MATH = YES;
				ONLY_ACTIVE_ARCH = YES;
				SDKROOT = iphoneos;
				SWIFT_ACTIVE_COMPILATION_CONDITIONS = "DEBUG $(inherited)";
				SWIFT_OPTIMIZATION_LEVEL = "-Onone";
			};
			name = Debug;
		};
		58F089022CD2105A00FA83EC /* Release */ = {
			isa = XCBuildConfiguration;
			buildSettings = {
				ALWAYS_SEARCH_USER_PATHS = NO;
				ASSETCATALOG_COMPILER_GENERATE_SWIFT_ASSET_SYMBOL_EXTENSIONS = YES;
				CLANG_ANALYZER_NONNULL = YES;
				CLANG_ANALYZER_NUMBER_OBJECT_CONVERSION = YES_AGGRESSIVE;
				CLANG_CXX_LANGUAGE_STANDARD = "gnu++20";
				CLANG_ENABLE_MODULES = YES;
				CLANG_ENABLE_OBJC_ARC = YES;
				CLANG_ENABLE_OBJC_WEAK = YES;
				CLANG_WARN_BLOCK_CAPTURE_AUTORELEASING = YES;
				CLANG_WARN_BOOL_CONVERSION = YES;
				CLANG_WARN_COMMA = YES;
				CLANG_WARN_CONSTANT_CONVERSION = YES;
				CLANG_WARN_DEPRECATED_OBJC_IMPLEMENTATIONS = YES;
				CLANG_WARN_DIRECT_OBJC_ISA_USAGE = YES_ERROR;
				CLANG_WARN_DOCUMENTATION_COMMENTS = YES;
				CLANG_WARN_EMPTY_BODY = YES;
				CLANG_WARN_ENUM_CONVERSION = YES;
				CLANG_WARN_INFINITE_RECURSION = YES;
				CLANG_WARN_INT_CONVERSION = YES;
				CLANG_WARN_NON_LITERAL_NULL_CONVERSION = YES;
				CLANG_WARN_OBJC_IMPLICIT_RETAIN_SELF = YES;
				CLANG_WARN_OBJC_LITERAL_CONVERSION = YES;
				CLANG_WARN_OBJC_ROOT_CLASS = YES_ERROR;
				CLANG_WARN_QUOTED_INCLUDE_IN_FRAMEWORK_HEADER = YES;
				CLANG_WARN_RANGE_LOOP_ANALYSIS = YES;
				CLANG_WARN_STRICT_PROTOTYPES = YES;
				CLANG_WARN_SUSPICIOUS_MOVE = YES;
				CLANG_WARN_UNGUARDED_AVAILABILITY = YES_AGGRESSIVE;
				CLANG_WARN_UNREACHABLE_CODE = YES;
				CLANG_WARN__DUPLICATE_METHOD_MATCH = YES;
				COPY_PHASE_STRIP = NO;
				DEBUG_INFORMATION_FORMAT = "dwarf-with-dsym";
				ENABLE_NS_ASSERTIONS = NO;
				ENABLE_STRICT_OBJC_MSGSEND = YES;
				ENABLE_USER_SCRIPT_SANDBOXING = YES;
				GCC_C_LANGUAGE_STANDARD = gnu17;
				GCC_NO_COMMON_BLOCKS = YES;
				GCC_WARN_64_TO_32_BIT_CONVERSION = YES;
				GCC_WARN_ABOUT_RETURN_TYPE = YES_ERROR;
				GCC_WARN_UNDECLARED_SELECTOR = YES;
				GCC_WARN_UNINITIALIZED_AUTOS = YES_AGGRESSIVE;
				GCC_WARN_UNUSED_FUNCTION = YES;
				GCC_WARN_UNUSED_VARIABLE = YES;
				IPHONEOS_DEPLOYMENT_TARGET = 17.5;
				LOCALIZATION_PREFERS_STRING_CATALOGS = YES;
				MTL_ENABLE_DEBUG_INFO = NO;
				MTL_FAST_MATH = YES;
				SDKROOT = iphoneos;
				SWIFT_COMPILATION_MODE = wholemodule;
				VALIDATE_PRODUCT = YES;
			};
			name = Release;
		};
		58F089042CD2105A00FA83EC /* Debug */ = {
			isa = XCBuildConfiguration;
			buildSettings = {
				ASSETCATALOG_COMPILER_APPICON_NAME = AppIcon;
				ASSETCATALOG_COMPILER_GLOBAL_ACCENT_COLOR_NAME = AccentColor;
				CODE_SIGN_STYLE = Automatic;
				CURRENT_PROJECT_VERSION = 1;
				GENERATE_INFOPLIST_FILE = YES;
				INFOPLIST_FILE = "KananAhmadov-Lab-4/Info.plist";
				INFOPLIST_KEY_UIApplicationSupportsIndirectInputEvents = YES;
				INFOPLIST_KEY_UILaunchStoryboardName = LaunchScreen;
				INFOPLIST_KEY_UIMainStoryboardFile = Main;
				INFOPLIST_KEY_UISupportedInterfaceOrientations_iPad = "UIInterfaceOrientationPortrait UIInterfaceOrientationPortraitUpsideDown UIInterfaceOrientationLandscapeLeft UIInterfaceOrientationLandscapeRight";
				INFOPLIST_KEY_UISupportedInterfaceOrientations_iPhone = "UIInterfaceOrientationPortrait UIInterfaceOrientationLandscapeLeft UIInterfaceOrientationLandscapeRight";
				LD_RUNPATH_SEARCH_PATHS = (
					"$(inherited)",
					"@executable_path/Frameworks",
				);
				MARKETING_VERSION = 1.0;
				PRODUCT_BUNDLE_IDENTIFIER = "cse438.Lab3.KananAhmadov-Lab-4";
				PRODUCT_NAME = "$(TARGET_NAME)";
				SWIFT_EMIT_LOC_STRINGS = YES;
				SWIFT_VERSION = 5.0;
				TARGETED_DEVICE_FAMILY = "1,2";
			};
			name = Debug;
		};
		58F089052CD2105A00FA83EC /* Release */ = {
			isa = XCBuildConfiguration;
			buildSettings = {
				ASSETCATALOG_COMPILER_APPICON_NAME = AppIcon;
				ASSETCATALOG_COMPILER_GLOBAL_ACCENT_COLOR_NAME = AccentColor;
				CODE_SIGN_STYLE = Automatic;
				CURRENT_PROJECT_VERSION = 1;
				GENERATE_INFOPLIST_FILE = YES;
				INFOPLIST_FILE = "KananAhmadov-Lab-4/Info.plist";
				INFOPLIST_KEY_UIApplicationSupportsIndirectInputEvents = YES;
				INFOPLIST_KEY_UILaunchStoryboardName = LaunchScreen;
				INFOPLIST_KEY_UIMainStoryboardFile = Main;
				INFOPLIST_KEY_UISupportedInterfaceOrientations_iPad = "UIInterfaceOrientationPortrait UIInterfaceOrientationPortraitUpsideDown UIInterfaceOrientationLandscapeLeft UIInterfaceOrientationLandscapeRight";
				INFOPLIST_KEY_UISupportedInterfaceOrientations_iPhone = "UIInterfaceOrientationPortrait UIInterfaceOrientationLandscapeLeft UIInterfaceOrientationLandscapeRight";
				LD_RUNPATH_SEARCH_PATHS = (
					"$(inherited)",
					"@executable_path/Frameworks",
				);
				MARKETING_VERSION = 1.0;
				PRODUCT_BUNDLE_IDENTIFIER = "cse438.Lab3.KananAhmadov-Lab-4";
				PRODUCT_NAME = "$(TARGET_NAME)";
				SWIFT_EMIT_LOC_STRINGS = YES;
				SWIFT_VERSION = 5.0;
				TARGETED_DEVICE_FAMILY = "1,2";
			};
			name = Release;
		};
/* End XCBuildConfiguration section */

/* Begin XCConfigurationList section */
		58F088EA2CD2105900FA83EC /* Build configuration list for PBXProject "KananAhmadov-Lab-4" */ = {
			isa = XCConfigurationList;
			buildConfigurations = (
				58F089012CD2105A00FA83EC /* Debug */,
				58F089022CD2105A00FA83EC /* Release */,
			);
			defaultConfigurationIsVisible = 0;
			defaultConfigurationName = Release;
		};
		58F089032CD2105A00FA83EC /* Build configuration list for PBXNativeTarget "KananAhmadov-Lab-4" */ = {
			isa = XCConfigurationList;
			buildConfigurations = (
				58F089042CD2105A00FA83EC /* Debug */,
				58F089052CD2105A00FA83EC /* Release */,
			);
			defaultConfigurationIsVisible = 0;
			defaultConfigurationName = Release;
		};
/* End XCConfigurationList section */
	};
	rootObject = 58F088E72CD2105900FA83EC /* Project object */;
}
